# THIS IS AN AUTOGENERATED FILE. DO NOT EDIT THIS FILE DIRECTLY.
# yarn lockfile v1


immer@^9.0.1:
  version "9.0.1"
  resolved "https://registry.yarnpkg.com/immer/-/immer-9.0.1.tgz#1116368e051f9a0fd188c5136b6efb74ed69c57f"
  integrity sha512-7CCw1DSgr8kKYXTYOI1qMM/f5qxT5vIVMeGLDCDX8CSxsggr1Sjdoha4OhsP0AZ1UvWbyZlILHvLjaynuu02Mg==

qs@^6.9.6:
  version "6.9.6"
  resolved "https://registry.yarnpkg.com/qs/-/qs-6.9.6.tgz#26ed3c8243a431b2924aca84cc90471f35d5a0ee"
  integrity sha512-TIRk4aqYLNoJUbd+g2lEdz5kLWIuTMRagAXxl78Q0RiVjAOugHmeKNGdd3cwo/ktpf9aL9epCfFqWDEKysUlLQ==
